# This file is automatically @generated by Cargo.
# It is not intended for manual editing.
version = 4

[[package]]
name = "linkforge-cli"
version = "0.1.0"
dependencies = [
 "linkforge-core",
]

[[package]]
name = "linkforge-core"
version = "0.1.0"

[[package]]
name = "linkforge-gui"
version = "0.1.0"
dependencies = [
 "linkforge-core",
]
